
Microsoft Visual Studio Solution File, Format Version 12.00
# Visual Studio 15
VisualStudioVersion = 15.0.27130.2027
MinimumVisualStudioVersion = 10.0.40219.1
Project("{FAE04EC0-301F-11D3-BF4B-00C04F79EFBC}") = "SBox", "SBox\SBox.csproj", "{8B11E8EA-0B92-495D-92D8-21EC357FB107}"
EndProject
Global
	GlobalSection(SolutionConfigurationPlatforms) = preSolution
		Debug|Any CPU = Debug|Any CPU
		Release|Any CPU = Release|Any CPU
	EndGlobalSection
	GlobalSection(ProjectConfigurationPlatforms) = postSolution
		{8B11E8EA-0B92-495D-92D8-21EC357FB107}.Debug|Any CPU.ActiveCfg = Debug|Any CPU
		{8B11E8EA-0B92-495D-92D8-21EC357FB107}.Debug|Any CPU.Build.0 = Debug|Any CPU
		{8B11E8EA-0B92-495D-92D8-21EC357FB107}.Release|Any CPU.ActiveCfg = Release|Any CPU
		{8B11E8EA-0B92-495D-92D8-21EC357FB107}.Release|Any CPU.Build.0 = Release|Any CPU
	EndGlobalSection
	GlobalSection(SolutionProperties) = preSolution
		HideSolutionNode = FALSE
	EndGlobalSection
	GlobalSection(ExtensibilityGlobals) = postSolution
		SolutionGuid = {D315C426-6CB7-41DB-9E71-1CAE2EC49F33}
	EndGlobalSection
EndGlobal
